
Microsoft Visual Studio Solution File, Format Version 12.00
# Visual Studio Version 17
VisualStudioVersion = 17.3.32929.385
MinimumVisualStudioVersion = 10.0.40219.1
Project("{FAE04EC0-301F-11D3-BF4B-00C04F79EFBC}") = "AppContext", "AppContext\AppContext.csproj", "{BE8E7482-A366-4D7F-9D13-D52C566A4065}"
EndProject
Global
	GlobalSection(SolutionConfigurationPlatforms) = preSolution
		Debug|Any CPU = Debug|Any CPU
		Release|Any CPU = Release|Any CPU
	EndGlobalSection
	GlobalSection(ProjectConfigurationPlatforms) = postSolution
		{BE8E7482-A366-4D7F-9D13-D52C566A4065}.Debug|Any CPU.ActiveCfg = Debug|Any CPU
		{BE8E7482-A366-4D7F-9D13-D52C566A4065}.Debug|Any CPU.Build.0 = Debug|Any CPU
		{BE8E7482-A366-4D7F-9D13-D52C566A4065}.Release|Any CPU.ActiveCfg = Release|Any CPU
		{BE8E7482-A366-4D7F-9D13-D52C566A4065}.Release|Any CPU.Build.0 = Release|Any CPU
	EndGlobalSection
	GlobalSection(SolutionProperties) = preSolution
		HideSolutionNode = FALSE
	EndGlobalSection
	GlobalSection(ExtensibilityGlobals) = postSolution
		SolutionGuid = {D1300C75-065E-41FA-AF92-FECB4A2331F2}
	EndGlobalSection
EndGlobal
